
Microsoft Visual Studio Solution File, Format Version 12.00
# Visual Studio Version 17
VisualStudioVersion = 17.2.32516.85
MinimumVisualStudioVersion = 10.0.40219.1
Project("{FAE04EC0-301F-11D3-BF4B-00C04F79EFBC}") = "ConsoleApp2new", "ConsoleApp2new\ConsoleApp2new.csproj", "{CAD4F779-E41D-47AA-A7A8-D6162761A1EF}"
EndProject
Global
	GlobalSection(SolutionConfigurationPlatforms) = preSolution
		Debug|Any CPU = Debug|Any CPU
		Release|Any CPU = Release|Any CPU
	EndGlobalSection
	GlobalSection(ProjectConfigurationPlatforms) = postSolution
		{CAD4F779-E41D-47AA-A7A8-D6162761A1EF}.Debug|Any CPU.ActiveCfg = Debug|Any CPU
		{CAD4F779-E41D-47AA-A7A8-D6162761A1EF}.Debug|Any CPU.Build.0 = Debug|Any CPU
		{CAD4F779-E41D-47AA-A7A8-D6162761A1EF}.Release|Any CPU.ActiveCfg = Release|Any CPU
		{CAD4F779-E41D-47AA-A7A8-D6162761A1EF}.Release|Any CPU.Build.0 = Release|Any CPU
	EndGlobalSection
	GlobalSection(SolutionProperties) = preSolution
		HideSolutionNode = FALSE
	EndGlobalSection
	GlobalSection(ExtensibilityGlobals) = postSolution
		SolutionGuid = {971C1100-2AD1-4F8B-9ADF-FE0B0A128076}
	EndGlobalSection
EndGlobal
